{
  "name": "@rageatm/tsconfig",
  "version": "0.0.1",
  "lockfileVersion": 3,
  "requires": true,
  "packages": {
    "": {
      "name": "@rageatm/tsconfig",
      "version": "0.0.1",
      "license": "MIT",
      "peerDependencies": {
        "@tsconfig/node-lts": "^18.12.3",
        "typescript": "^5.1.6"
      }
    },
    "node_modules/@tsconfig/node-lts": {
      "version": "18.12.3",
      "resolved": "https://registry.npmjs.org/@tsconfig/node-lts/-/node-lts-18.12.3.tgz",
      "integrity": "sha512-a8FraAjwaGKERCO5PowJeeCE/0Kv1whqegfNwJRIPG08Z5QDr6Kl1CgRrdIjGQtUCpSm+/BDCGeRKfAF1mg+ZQ==",
      "peer": true
    },
    "node_modules/typescript": {
      "version": "5.1.6",
      "resolved": "https://registry.npmjs.org/typescript/-/typescript-5.1.6.tgz",
      "integrity": "sha512-zaWCozRZ6DLEWAWFrVDz1H6FVXzUSfTy5FUMWsQlU8Ym5JP9eO4xkTIROFCQvhQf61z6O/G6ugw3SgAnvvm+HA==",
      "peer": true,
      "bin": {
        "tsc": "bin/tsc",
        "tsserver": "bin/tsserver"
      },
      "engines": {
        "node": ">=14.17"
      }
    }
  }
}
